
Microsoft Visual Studio Solution File, Format Version 12.00
# Visual Studio Version 17
VisualStudioVersion = 17.11.35327.3
MinimumVisualStudioVersion = 10.0.40219.1
Project("{9A19103F-16F7-4668-BE54-9A1E7A4F7556}") = "ApiCrud", "ApiCrud.csproj", "{535805B3-43CD-4BDE-A294-7EECA57F6EEA}"
EndProject
Global
	GlobalSection(SolutionConfigurationPlatforms) = preSolution
		Debug|Any CPU = Debug|Any CPU
		Release|Any CPU = Release|Any CPU
	EndGlobalSection
	GlobalSection(ProjectConfigurationPlatforms) = postSolution
		{535805B3-43CD-4BDE-A294-7EECA57F6EEA}.Debug|Any CPU.ActiveCfg = Debug|Any CPU
		{535805B3-43CD-4BDE-A294-7EECA57F6EEA}.Debug|Any CPU.Build.0 = Debug|Any CPU
		{535805B3-43CD-4BDE-A294-7EECA57F6EEA}.Release|Any CPU.ActiveCfg = Release|Any CPU
		{535805B3-43CD-4BDE-A294-7EECA57F6EEA}.Release|Any CPU.Build.0 = Release|Any CPU
	EndGlobalSection
	GlobalSection(SolutionProperties) = preSolution
		HideSolutionNode = FALSE
	EndGlobalSection
	GlobalSection(ExtensibilityGlobals) = postSolution
		SolutionGuid = {1720BFAE-94E9-4A0D-AC9C-275FB0DBF0B9}
	EndGlobalSection
EndGlobal
